
Microsoft Visual Studio Solution File, Format Version 12.00
# Visual Studio Version 17
VisualStudioVersion = 17.12.35527.113 d17.12
MinimumVisualStudioVersion = 10.0.40219.1
Project("{2150E333-8FDC-42A3-9474-1A3956D46DE8}") = "Core", "Core", "{874FA52A-A765-44D4-AB88-68D0D571DE6D}"
EndProject
Project("{2150E333-8FDC-42A3-9474-1A3956D46DE8}") = "Presentation", "Presentation", "{2BE48443-740E-4C81-B929-07ED68FDD163}"
EndProject
Project("{2150E333-8FDC-42A3-9474-1A3956D46DE8}") = "Infrastructure", "Infrastructure", "{210E77A1-F19C-4181-9419-04CB4DF836AE}"
EndProject
Project("{FAE04EC0-301F-11D3-BF4B-00C04F79EFBC}") = "CQRS_Test_Project.Core.Domain", "Core\CQRS_Test_Project.Core.Domain\CQRS_Test_Project.Core.Domain.csproj", "{5716F859-DCC8-4596-BA5F-71B4F1EEDF23}"
EndProject
Project("{FAE04EC0-301F-11D3-BF4B-00C04F79EFBC}") = "CQRS_Test_Project.Core.Application", "Core\CQRS_Test_Project.Core.Application\CQRS_Test_Project.Core.Application.csproj", "{DF4E7E00-9F1D-4784-BDBF-F80CEA666250}"
EndProject
Project("{FAE04EC0-301F-11D3-BF4B-00C04F79EFBC}") = "CQRS_Test_Project.Infrastructure.Persistence", "Infrastructure\CQRS_Test_Project.Infrastructure.Persistence\CQRS_Test_Project.Infrastructure.Persistence.csproj", "{3A5ECE37-F5EE-49A0-92CC-153215500118}"
EndProject
Project("{FAE04EC0-301F-11D3-BF4B-00C04F79EFBC}") = "CQRS_Test_Project.Infrastructure.Infrastructure", "Infrastructure\CQRS_Test_Project.Infrastructure.Infrastructure\CQRS_Test_Project.Infrastructure.Infrastructure.csproj", "{C6A42C8D-0A58-4D48-9A6E-8E3E2B3A22D9}"
EndProject
Project("{FAE04EC0-301F-11D3-BF4B-00C04F79EFBC}") = "CQRS_Test_Project.Presentation.WebAPI", "Presentation\CQRS_Test_Project.Presentation.WebAPI\CQRS_Test_Project.Presentation.WebAPI.csproj", "{06FBF37B-6E61-4982-9542-0E6F98F94851}"
EndProject
Global
	GlobalSection(SolutionConfigurationPlatforms) = preSolution
		Debug|Any CPU = Debug|Any CPU
		Release|Any CPU = Release|Any CPU
	EndGlobalSection
	GlobalSection(ProjectConfigurationPlatforms) = postSolution
		{5716F859-DCC8-4596-BA5F-71B4F1EEDF23}.Debug|Any CPU.ActiveCfg = Debug|Any CPU
		{5716F859-DCC8-4596-BA5F-71B4F1EEDF23}.Debug|Any CPU.Build.0 = Debug|Any CPU
		{5716F859-DCC8-4596-BA5F-71B4F1EEDF23}.Release|Any CPU.ActiveCfg = Release|Any CPU
		{5716F859-DCC8-4596-BA5F-71B4F1EEDF23}.Release|Any CPU.Build.0 = Release|Any CPU
		{DF4E7E00-9F1D-4784-BDBF-F80CEA666250}.Debug|Any CPU.ActiveCfg = Debug|Any CPU
		{DF4E7E00-9F1D-4784-BDBF-F80CEA666250}.Debug|Any CPU.Build.0 = Debug|Any CPU
		{DF4E7E00-9F1D-4784-BDBF-F80CEA666250}.Release|Any CPU.ActiveCfg = Release|Any CPU
		{DF4E7E00-9F1D-4784-BDBF-F80CEA666250}.Release|Any CPU.Build.0 = Release|Any CPU
		{3A5ECE37-F5EE-49A0-92CC-153215500118}.Debug|Any CPU.ActiveCfg = Debug|Any CPU
		{3A5ECE37-F5EE-49A0-92CC-153215500118}.Debug|Any CPU.Build.0 = Debug|Any CPU
		{3A5ECE37-F5EE-49A0-92CC-153215500118}.Release|Any CPU.ActiveCfg = Release|Any CPU
		{3A5ECE37-F5EE-49A0-92CC-153215500118}.Release|Any CPU.Build.0 = Release|Any CPU
		{C6A42C8D-0A58-4D48-9A6E-8E3E2B3A22D9}.Debug|Any CPU.ActiveCfg = Debug|Any CPU
		{C6A42C8D-0A58-4D48-9A6E-8E3E2B3A22D9}.Debug|Any CPU.Build.0 = Debug|Any CPU
		{C6A42C8D-0A58-4D48-9A6E-8E3E2B3A22D9}.Release|Any CPU.ActiveCfg = Release|Any CPU
		{C6A42C8D-0A58-4D48-9A6E-8E3E2B3A22D9}.Release|Any CPU.Build.0 = Release|Any CPU
		{06FBF37B-6E61-4982-9542-0E6F98F94851}.Debug|Any CPU.ActiveCfg = Debug|Any CPU
		{06FBF37B-6E61-4982-9542-0E6F98F94851}.Debug|Any CPU.Build.0 = Debug|Any CPU
		{06FBF37B-6E61-4982-9542-0E6F98F94851}.Release|Any CPU.ActiveCfg = Release|Any CPU
		{06FBF37B-6E61-4982-9542-0E6F98F94851}.Release|Any CPU.Build.0 = Release|Any CPU
	EndGlobalSection
	GlobalSection(SolutionProperties) = preSolution
		HideSolutionNode = FALSE
	EndGlobalSection
	GlobalSection(NestedProjects) = preSolution
		{5716F859-DCC8-4596-BA5F-71B4F1EEDF23} = {874FA52A-A765-44D4-AB88-68D0D571DE6D}
		{DF4E7E00-9F1D-4784-BDBF-F80CEA666250} = {874FA52A-A765-44D4-AB88-68D0D571DE6D}
		{3A5ECE37-F5EE-49A0-92CC-153215500118} = {210E77A1-F19C-4181-9419-04CB4DF836AE}
		{C6A42C8D-0A58-4D48-9A6E-8E3E2B3A22D9} = {210E77A1-F19C-4181-9419-04CB4DF836AE}
		{06FBF37B-6E61-4982-9542-0E6F98F94851} = {2BE48443-740E-4C81-B929-07ED68FDD163}
	EndGlobalSection
EndGlobal
